
Microsoft Visual Studio Solution File, Format Version 12.00
# Visual Studio Version 17
VisualStudioVersion = 17.4.33110.190
MinimumVisualStudioVersion = 10.0.40219.1
Project("{FAE04EC0-301F-11D3-BF4B-00C04F79EFBC}") = "CSharp", "CSharp\CSharp.csproj", "{1728AE74-FF79-43A1-ADD8-EFE796E70F01}"
EndProject
Global
	GlobalSection(SolutionConfigurationPlatforms) = preSolution
		Debug|Any CPU = Debug|Any CPU
		Release|Any CPU = Release|Any CPU
	EndGlobalSection
	GlobalSection(ProjectConfigurationPlatforms) = postSolution
		{1728AE74-FF79-43A1-ADD8-EFE796E70F01}.Debug|Any CPU.ActiveCfg = Debug|Any CPU
		{1728AE74-FF79-43A1-ADD8-EFE796E70F01}.Debug|Any CPU.Build.0 = Debug|Any CPU
		{1728AE74-FF79-43A1-ADD8-EFE796E70F01}.Release|Any CPU.ActiveCfg = Release|Any CPU
		{1728AE74-FF79-43A1-ADD8-EFE796E70F01}.Release|Any CPU.Build.0 = Release|Any CPU
	EndGlobalSection
	GlobalSection(SolutionProperties) = preSolution
		HideSolutionNode = FALSE
	EndGlobalSection
	GlobalSection(ExtensibilityGlobals) = postSolution
		SolutionGuid = {EE0DBE95-6649-4FAA-8BF3-E51081EA1D7E}
	EndGlobalSection
EndGlobal
